# @generated by Move, please check-in and do not edit manually.

[move]
version = 3

dependencies = [
  { id = "MoveStdlib", name = "MoveStdlib" },
  { id = "Sui", name = "Sui" },
]
manifest_digest = "43CC6AEDB14F689159E1B9388A6328C6A3E1B282E8E602E928375280FA8B3FF3"
deps_digest = "3C4103934B1E040BB6B23F1D610B4EF9F2F1166A50A104EADCF77467C004C600"

[[move.package]]
id = "MoveStdlib"
source = { git = "https://github.com/MystenLabs/sui.git", rev = "sui-v1.38.4", subdir = "crates/sui-framework/packages/move-stdlib" }

[[move.package]]
id = "Sui"
source = { git = "https://github.com/MystenLabs/sui.git", rev = "sui-v1.38.4", subdir = "crates/sui-framework/packages/sui-framework" }

dependencies = [
  { id = "MoveStdlib", name = "MoveStdlib" },
]

[move.toolchain-version]
compiler-version = "1.39.1"
edition = "2024"
flavor = "sui"

[env]

[env.mainnet]
chain-id = "35834a8a"
original-published-id = "0x711d2704034eeb509104481a99a556f17b6b444c7fed7cfb223fd5567af843ad"
latest-published-id = "0x711d2704034eeb509104481a99a556f17b6b444c7fed7cfb223fd5567af843ad"
published-version = "1"
